
Microsoft Visual Studio Solution File, Format Version 12.00
# Visual Studio Version 17
VisualStudioVersion = 17.0.32014.148
MinimumVisualStudioVersion = 10.0.40219.1
Project("{9A19103F-16F7-4668-BE54-9A1E7A4F7556}") = "ProjectManagement.WebApi", "ProjectManagement.WebApi\ProjectManagement.WebApi.csproj", "{C2D8A711-170F-45A0-8B4C-545C8201CAEA}"
EndProject
Project("{9A19103F-16F7-4668-BE54-9A1E7A4F7556}") = "ProjectManagement.Entities", "ProjectManagement.Entities\ProjectManagement.Entities.csproj", "{E5CB9B95-DCC3-4E2F-9C0A-D41D06D1285D}"
EndProject
Project("{9A19103F-16F7-4668-BE54-9A1E7A4F7556}") = "ProjectManagement.Contracts", "ProjectManagement.Contracts\ProjectManagement.Contracts.csproj", "{778D636B-35FE-4BA4-BFDB-A4C70EAD5568}"
EndProject
Project("{9A19103F-16F7-4668-BE54-9A1E7A4F7556}") = "ProjectManagement.Logger", "ProjectManagement.Logger\ProjectManagement.Logger.csproj", "{4CC30FFB-C7FB-4387-AB5C-D9C1E6248DB0}"
EndProject
Project("{9A19103F-16F7-4668-BE54-9A1E7A4F7556}") = "ProjectManagement.Repository", "ProjectManagement.Repository\ProjectManagement.Repository.csproj", "{218E61AE-C8A1-4790-833C-96E499734F14}"
EndProject
Project("{FAE04EC0-301F-11D3-BF4B-00C04F79EFBC}") = "ProjectManagement.Service", "ProjectManagement.Service\ProjectManagement.Service.csproj", "{00F58E33-143E-4F05-B6EE-F0ED1B77D6F1}"
EndProject
Project("{FAE04EC0-301F-11D3-BF4B-00C04F79EFBC}") = "ProjectManagement.Service.Contracts", "ProjectManagement.Service.Contracts\ProjectManagement.Service.Contracts.csproj", "{11DD0769-54EF-4CF0-B6CA-D80BC02636DD}"
EndProject
Global
	GlobalSection(SolutionConfigurationPlatforms) = preSolution
		Debug|Any CPU = Debug|Any CPU
		Release|Any CPU = Release|Any CPU
	EndGlobalSection
	GlobalSection(ProjectConfigurationPlatforms) = postSolution
		{C2D8A711-170F-45A0-8B4C-545C8201CAEA}.Debug|Any CPU.ActiveCfg = Debug|Any CPU
		{C2D8A711-170F-45A0-8B4C-545C8201CAEA}.Debug|Any CPU.Build.0 = Debug|Any CPU
		{C2D8A711-170F-45A0-8B4C-545C8201CAEA}.Release|Any CPU.ActiveCfg = Release|Any CPU
		{C2D8A711-170F-45A0-8B4C-545C8201CAEA}.Release|Any CPU.Build.0 = Release|Any CPU
		{E5CB9B95-DCC3-4E2F-9C0A-D41D06D1285D}.Debug|Any CPU.ActiveCfg = Debug|Any CPU
		{E5CB9B95-DCC3-4E2F-9C0A-D41D06D1285D}.Debug|Any CPU.Build.0 = Debug|Any CPU
		{E5CB9B95-DCC3-4E2F-9C0A-D41D06D1285D}.Release|Any CPU.ActiveCfg = Release|Any CPU
		{E5CB9B95-DCC3-4E2F-9C0A-D41D06D1285D}.Release|Any CPU.Build.0 = Release|Any CPU
		{778D636B-35FE-4BA4-BFDB-A4C70EAD5568}.Debug|Any CPU.ActiveCfg = Debug|Any CPU
		{778D636B-35FE-4BA4-BFDB-A4C70EAD5568}.Debug|Any CPU.Build.0 = Debug|Any CPU
		{778D636B-35FE-4BA4-BFDB-A4C70EAD5568}.Release|Any CPU.ActiveCfg = Release|Any CPU
		{778D636B-35FE-4BA4-BFDB-A4C70EAD5568}.Release|Any CPU.Build.0 = Release|Any CPU
		{4CC30FFB-C7FB-4387-AB5C-D9C1E6248DB0}.Debug|Any CPU.ActiveCfg = Debug|Any CPU
		{4CC30FFB-C7FB-4387-AB5C-D9C1E6248DB0}.Debug|Any CPU.Build.0 = Debug|Any CPU
		{4CC30FFB-C7FB-4387-AB5C-D9C1E6248DB0}.Release|Any CPU.ActiveCfg = Release|Any CPU
		{4CC30FFB-C7FB-4387-AB5C-D9C1E6248DB0}.Release|Any CPU.Build.0 = Release|Any CPU
		{218E61AE-C8A1-4790-833C-96E499734F14}.Debug|Any CPU.ActiveCfg = Debug|Any CPU
		{218E61AE-C8A1-4790-833C-96E499734F14}.Debug|Any CPU.Build.0 = Debug|Any CPU
		{218E61AE-C8A1-4790-833C-96E499734F14}.Release|Any CPU.ActiveCfg = Release|Any CPU
		{218E61AE-C8A1-4790-833C-96E499734F14}.Release|Any CPU.Build.0 = Release|Any CPU
		{00F58E33-143E-4F05-B6EE-F0ED1B77D6F1}.Debug|Any CPU.ActiveCfg = Debug|Any CPU
		{00F58E33-143E-4F05-B6EE-F0ED1B77D6F1}.Debug|Any CPU.Build.0 = Debug|Any CPU
		{00F58E33-143E-4F05-B6EE-F0ED1B77D6F1}.Release|Any CPU.ActiveCfg = Release|Any CPU
		{00F58E33-143E-4F05-B6EE-F0ED1B77D6F1}.Release|Any CPU.Build.0 = Release|Any CPU
		{11DD0769-54EF-4CF0-B6CA-D80BC02636DD}.Debug|Any CPU.ActiveCfg = Debug|Any CPU
		{11DD0769-54EF-4CF0-B6CA-D80BC02636DD}.Debug|Any CPU.Build.0 = Debug|Any CPU
		{11DD0769-54EF-4CF0-B6CA-D80BC02636DD}.Release|Any CPU.ActiveCfg = Release|Any CPU
		{11DD0769-54EF-4CF0-B6CA-D80BC02636DD}.Release|Any CPU.Build.0 = Release|Any CPU
	EndGlobalSection
	GlobalSection(SolutionProperties) = preSolution
		HideSolutionNode = FALSE
	EndGlobalSection
	GlobalSection(ExtensibilityGlobals) = postSolution
		SolutionGuid = {D30DCB52-06D7-4B65-B287-0AE416A2C8A2}
	EndGlobalSection
EndGlobal
